
Microsoft Visual Studio Solution File, Format Version 12.00
# Visual Studio Version 16
VisualStudioVersion = 16.0.31112.23
MinimumVisualStudioVersion = 10.0.40219.1
Project("{888888A0-9F3D-457C-B088-3A5042F75D52}") = "RealSense_examples", "RealSense_examples.pyproj", "{CCC861E4-3ED1-4C0F-BE43-3C3FDE1C92FE}"
EndProject
Global
	GlobalSection(SolutionConfigurationPlatforms) = preSolution
		Debug|Any CPU = Debug|Any CPU
		Release|Any CPU = Release|Any CPU
	EndGlobalSection
	GlobalSection(ProjectConfigurationPlatforms) = postSolution
		{CCC861E4-3ED1-4C0F-BE43-3C3FDE1C92FE}.Debug|Any CPU.ActiveCfg = Debug|Any CPU
		{CCC861E4-3ED1-4C0F-BE43-3C3FDE1C92FE}.Release|Any CPU.ActiveCfg = Release|Any CPU
	EndGlobalSection
	GlobalSection(SolutionProperties) = preSolution
		HideSolutionNode = FALSE
	EndGlobalSection
	GlobalSection(ExtensibilityGlobals) = postSolution
		SolutionGuid = {6660B4D5-D059-4EE7-A6E7-9C6DEF0A39DC}
	EndGlobalSection
EndGlobal
